
Microsoft Visual Studio Solution File, Format Version 12.00
# Visual Studio Version 17
VisualStudioVersion = 17.6.33723.286
MinimumVisualStudioVersion = 10.0.40219.1
Project("{FAE04EC0-301F-11D3-BF4B-00C04F79EFBC}") = "NetworkTcpClientClassProject", "NetworkTcpClientClassProject\NetworkTcpClientClassProject.csproj", "{897E1B95-27C9-4D71-808C-F552950D7BB6}"
EndProject
Project("{FAE04EC0-301F-11D3-BF4B-00C04F79EFBC}") = "NetworkTcpListenerClassProject", "NetworkTcpListenerClassProject\NetworkTcpListenerClassProject.csproj", "{E6124392-035D-42F6-8789-40586D330E96}"
EndProject
Global
	GlobalSection(SolutionConfigurationPlatforms) = preSolution
		Debug|Any CPU = Debug|Any CPU
		Release|Any CPU = Release|Any CPU
	EndGlobalSection
	GlobalSection(ProjectConfigurationPlatforms) = postSolution
		{897E1B95-27C9-4D71-808C-F552950D7BB6}.Debug|Any CPU.ActiveCfg = Debug|Any CPU
		{897E1B95-27C9-4D71-808C-F552950D7BB6}.Debug|Any CPU.Build.0 = Debug|Any CPU
		{897E1B95-27C9-4D71-808C-F552950D7BB6}.Release|Any CPU.ActiveCfg = Release|Any CPU
		{897E1B95-27C9-4D71-808C-F552950D7BB6}.Release|Any CPU.Build.0 = Release|Any CPU
		{E6124392-035D-42F6-8789-40586D330E96}.Debug|Any CPU.ActiveCfg = Debug|Any CPU
		{E6124392-035D-42F6-8789-40586D330E96}.Debug|Any CPU.Build.0 = Debug|Any CPU
		{E6124392-035D-42F6-8789-40586D330E96}.Release|Any CPU.ActiveCfg = Release|Any CPU
		{E6124392-035D-42F6-8789-40586D330E96}.Release|Any CPU.Build.0 = Release|Any CPU
	EndGlobalSection
	GlobalSection(SolutionProperties) = preSolution
		HideSolutionNode = FALSE
	EndGlobalSection
	GlobalSection(ExtensibilityGlobals) = postSolution
		SolutionGuid = {F52B631A-4140-4CA7-9F59-8E6764EF8F5F}
	EndGlobalSection
EndGlobal
